
Microsoft Visual Studio Solution File, Format Version 12.00
# Visual Studio Version 16
VisualStudioVersion = 16.0.30114.105
MinimumVisualStudioVersion = 10.0.40219.1
Project("{FAE04EC0-301F-11D3-BF4B-00C04F79EFBC}") = "MovieTickets", "MovieTickets.csproj", "{A8F666F2-A6C1-4D8D-AE19-7A2A14B6326E}"
EndProject
Global
	GlobalSection(SolutionConfigurationPlatforms) = preSolution
		Debug|Any CPU = Debug|Any CPU
		Release|Any CPU = Release|Any CPU
	EndGlobalSection
	GlobalSection(ProjectConfigurationPlatforms) = postSolution
		{A8F666F2-A6C1-4D8D-AE19-7A2A14B6326E}.Debug|Any CPU.ActiveCfg = Debug|Any CPU
		{A8F666F2-A6C1-4D8D-AE19-7A2A14B6326E}.Debug|Any CPU.Build.0 = Debug|Any CPU
		{A8F666F2-A6C1-4D8D-AE19-7A2A14B6326E}.Release|Any CPU.ActiveCfg = Release|Any CPU
		{A8F666F2-A6C1-4D8D-AE19-7A2A14B6326E}.Release|Any CPU.Build.0 = Release|Any CPU
	EndGlobalSection
	GlobalSection(SolutionProperties) = preSolution
		HideSolutionNode = FALSE
	EndGlobalSection
	GlobalSection(ExtensibilityGlobals) = postSolution
		SolutionGuid = {379BC48E-82C5-4222-91A9-8E0059AA6630}
	EndGlobalSection
EndGlobal
